
Microsoft Visual Studio Solution File, Format Version 12.00
# Visual Studio 15
VisualStudioVersion = 15.0.27004.2005
MinimumVisualStudioVersion = 10.0.40219.1
Project("{FAE04EC0-301F-11D3-BF4B-00C04F79EFBC}") = "JapanesePractice.Contract", "JapanesePractice.Contract\JapanesePractice.Contract.csproj", "{029DF99C-5E3C-4C6E-A5B2-4BEB5F4B5536}"
EndProject
Project("{2150E333-8FDC-42A3-9474-1A3956D46DE8}") = "Solution Items", "Solution Items", "{4B0DA05B-AFD9-4532-9571-211799410F24}"
	ProjectSection(SolutionItems) = preProject
		JapanesePractice.ruleset = JapanesePractice.ruleset
		Skeleton.json = Skeleton.json
		Skeleton_Symbol.json = Skeleton_Symbol.json
		stylecop.json = stylecop.json
	EndProjectSection
EndProject
Project("{FAE04EC0-301F-11D3-BF4B-00C04F79EFBC}") = "JapanesePractice.Textual", "JapanesePractice.Textual\JapanesePractice.Textual.csproj", "{8E5A987F-A8A6-4E21-BAA1-CAA280DC104F}"
EndProject
Project("{FAE04EC0-301F-11D3-BF4B-00C04F79EFBC}") = "JapanesePractice.FrontEnd.Debug", "JapanesePractice.FrontEnd.Debug\JapanesePractice.FrontEnd.Debug.csproj", "{23C3CE02-5075-41F6-8788-F5E0A073D616}"
EndProject
Project("{2150E333-8FDC-42A3-9474-1A3956D46DE8}") = "Memrise", "Memrise", "{F79680B3-8897-4F65-ACF2-BFF4BFEBE8A1}"
EndProject
Project("{2150E333-8FDC-42A3-9474-1A3956D46DE8}") = "Japanese 2", "Japanese 2", "{72E9F708-E40B-4013-9690-253DF0021B34}"
	ProjectSection(SolutionItems) = preProject
		Memrise\Japanese 2\1 - Describing the Universe.json = Memrise\Japanese 2\1 - Describing the Universe.json
	EndProjectSection
EndProject
Project("{FAE04EC0-301F-11D3-BF4B-00C04F79EFBC}") = "JapanesePractice.HandWritten", "JapanesePractice.Handwritten\JapanesePractice.HandWritten.csproj", "{685C5C9E-B77F-44B1-917B-629B77B5D3B5}"
EndProject
Project("{FAE04EC0-301F-11D3-BF4B-00C04F79EFBC}") = "JapanesePractice.Core", "JapanesePractice.Core\JapanesePractice.Core.csproj", "{56DF72E3-06A8-4E55-8095-2BC516F0EF43}"
EndProject
Project("{FAE04EC0-301F-11D3-BF4B-00C04F79EFBC}") = "JapanesePractice.Contract.ReferenceImplementation", "JapanesePractice.Contract.ReferenceImplementation\JapanesePractice.Contract.ReferenceImplementation.csproj", "{7F8ADBC9-A0A9-4F1C-ABB7-D3F618CE884F}"
EndProject
Project("{FAE04EC0-301F-11D3-BF4B-00C04F79EFBC}") = "JapanesePractice.Tests.MSTest", "JapanesePractice.Tests.MSTest\JapanesePractice.Tests.MSTest.csproj", "{8C20C36B-B4E9-4757-B3F8-BE624D39C4AB}"
EndProject
Project("{FAE04EC0-301F-11D3-BF4B-00C04F79EFBC}") = "ConsoleApp1", "ConsoleApp1\ConsoleApp1.csproj", "{CC23D573-ACEF-4F73-B5C9-941B76EC5940}"
EndProject
Global
	GlobalSection(SolutionConfigurationPlatforms) = preSolution
		Debug|Any CPU = Debug|Any CPU
		Release|Any CPU = Release|Any CPU
	EndGlobalSection
	GlobalSection(ProjectConfigurationPlatforms) = postSolution
		{029DF99C-5E3C-4C6E-A5B2-4BEB5F4B5536}.Debug|Any CPU.ActiveCfg = Debug|Any CPU
		{029DF99C-5E3C-4C6E-A5B2-4BEB5F4B5536}.Debug|Any CPU.Build.0 = Debug|Any CPU
		{029DF99C-5E3C-4C6E-A5B2-4BEB5F4B5536}.Release|Any CPU.ActiveCfg = Release|Any CPU
		{029DF99C-5E3C-4C6E-A5B2-4BEB5F4B5536}.Release|Any CPU.Build.0 = Release|Any CPU
		{8E5A987F-A8A6-4E21-BAA1-CAA280DC104F}.Debug|Any CPU.ActiveCfg = Debug|Any CPU
		{8E5A987F-A8A6-4E21-BAA1-CAA280DC104F}.Debug|Any CPU.Build.0 = Debug|Any CPU
		{8E5A987F-A8A6-4E21-BAA1-CAA280DC104F}.Release|Any CPU.ActiveCfg = Release|Any CPU
		{8E5A987F-A8A6-4E21-BAA1-CAA280DC104F}.Release|Any CPU.Build.0 = Release|Any CPU
		{23C3CE02-5075-41F6-8788-F5E0A073D616}.Debug|Any CPU.ActiveCfg = Debug|Any CPU
		{23C3CE02-5075-41F6-8788-F5E0A073D616}.Debug|Any CPU.Build.0 = Debug|Any CPU
		{23C3CE02-5075-41F6-8788-F5E0A073D616}.Release|Any CPU.ActiveCfg = Release|Any CPU
		{23C3CE02-5075-41F6-8788-F5E0A073D616}.Release|Any CPU.Build.0 = Release|Any CPU
		{685C5C9E-B77F-44B1-917B-629B77B5D3B5}.Debug|Any CPU.ActiveCfg = Debug|Any CPU
		{685C5C9E-B77F-44B1-917B-629B77B5D3B5}.Debug|Any CPU.Build.0 = Debug|Any CPU
		{685C5C9E-B77F-44B1-917B-629B77B5D3B5}.Release|Any CPU.ActiveCfg = Release|Any CPU
		{685C5C9E-B77F-44B1-917B-629B77B5D3B5}.Release|Any CPU.Build.0 = Release|Any CPU
		{56DF72E3-06A8-4E55-8095-2BC516F0EF43}.Debug|Any CPU.ActiveCfg = Debug|Any CPU
		{56DF72E3-06A8-4E55-8095-2BC516F0EF43}.Debug|Any CPU.Build.0 = Debug|Any CPU
		{56DF72E3-06A8-4E55-8095-2BC516F0EF43}.Release|Any CPU.ActiveCfg = Release|Any CPU
		{56DF72E3-06A8-4E55-8095-2BC516F0EF43}.Release|Any CPU.Build.0 = Release|Any CPU
		{7F8ADBC9-A0A9-4F1C-ABB7-D3F618CE884F}.Debug|Any CPU.ActiveCfg = Debug|Any CPU
		{7F8ADBC9-A0A9-4F1C-ABB7-D3F618CE884F}.Debug|Any CPU.Build.0 = Debug|Any CPU
		{7F8ADBC9-A0A9-4F1C-ABB7-D3F618CE884F}.Release|Any CPU.ActiveCfg = Release|Any CPU
		{7F8ADBC9-A0A9-4F1C-ABB7-D3F618CE884F}.Release|Any CPU.Build.0 = Release|Any CPU
		{8C20C36B-B4E9-4757-B3F8-BE624D39C4AB}.Debug|Any CPU.ActiveCfg = Debug|Any CPU
		{8C20C36B-B4E9-4757-B3F8-BE624D39C4AB}.Debug|Any CPU.Build.0 = Debug|Any CPU
		{8C20C36B-B4E9-4757-B3F8-BE624D39C4AB}.Release|Any CPU.ActiveCfg = Release|Any CPU
		{8C20C36B-B4E9-4757-B3F8-BE624D39C4AB}.Release|Any CPU.Build.0 = Release|Any CPU
		{CC23D573-ACEF-4F73-B5C9-941B76EC5940}.Debug|Any CPU.ActiveCfg = Debug|Any CPU
		{CC23D573-ACEF-4F73-B5C9-941B76EC5940}.Debug|Any CPU.Build.0 = Debug|Any CPU
		{CC23D573-ACEF-4F73-B5C9-941B76EC5940}.Release|Any CPU.ActiveCfg = Release|Any CPU
		{CC23D573-ACEF-4F73-B5C9-941B76EC5940}.Release|Any CPU.Build.0 = Release|Any CPU
	EndGlobalSection
	GlobalSection(SolutionProperties) = preSolution
		HideSolutionNode = FALSE
	EndGlobalSection
	GlobalSection(NestedProjects) = preSolution
		{F79680B3-8897-4F65-ACF2-BFF4BFEBE8A1} = {4B0DA05B-AFD9-4532-9571-211799410F24}
		{72E9F708-E40B-4013-9690-253DF0021B34} = {F79680B3-8897-4F65-ACF2-BFF4BFEBE8A1}
	EndGlobalSection
	GlobalSection(ExtensibilityGlobals) = postSolution
		SolutionGuid = {2268C0A4-F844-4D7E-A576-A347BAB07FDB}
	EndGlobalSection
EndGlobal
